// !$*UTF8*$!
{
	archiveVersion = 1;
	classes = {
	};
	objectVersion = 50;
	objects = {

/* Begin PBXBuildFile section */
		F708665928210CA500053459 /* SettingsTableViewController.swift in Sources */ = {isa = PBXBuildFile; fileRef = F708665828210CA400053459 /* SettingsTableViewController.swift */; };
		F708665B28210EC100053459 /* TableSize.swift in Sources */ = {isa = PBXBuildFile; fileRef = F708665A28210EC100053459 /* TableSize.swift */; };
		F7175DAA26BBF3530011FDD1 /* MenuViewController.swift in Sources */ = {isa = PBXBuildFile; fileRef = F7175DA926BBF3530011FDD1 /* MenuViewController.swift */; };
		F72164A026BD0B3D003DC2FB /* SlideInTransition.swift in Sources */ = {isa = PBXBuildFile; fileRef = F721649F26BD0B3D003DC2FB /* SlideInTransition.swift */; };
		F7307FD62815A1E0005C545B /* EndGameView.swift in Sources */ = {isa = PBXBuildFile; fileRef = F7307FD52815A1E0005C545B /* EndGameView.swift */; };
		F7307FD92815A42E005C545B /* LocalService.swift in Sources */ = {isa = PBXBuildFile; fileRef = F7307FD82815A42E005C545B /* LocalService.swift */; };
		F7316D44281BF27100AF12A6 /* ButtonsCell.swift in Sources */ = {isa = PBXBuildFile; fileRef = F7316D43281BF27100AF12A6 /* ButtonsCell.swift */; };
		F75162162815105700FCADAD /* SmallExtenions.swift in Sources */ = {isa = PBXBuildFile; fileRef = F75162152815105700FCADAD /* SmallExtenions.swift */; };
		F75530F926AAB2180030F9E7 /* Main.storyboard in Resources */ = {isa = PBXBuildFile; fileRef = F75530F826AAB2180030F9E7 /* Main.storyboard */; };
		F7622234281BFE0800B85057 /* ButtonsCollectionViewController.swift in Sources */ = {isa = PBXBuildFile; fileRef = F7622233281BFE0800B85057 /* ButtonsCollectionViewController.swift */; };
		F766792E26A53CCC0059B7C4 /* correct.wav in Resources */ = {isa = PBXBuildFile; fileRef = F766792B26A53CCC0059B7C4 /* correct.wav */; };
		F766793026A53CCC0059B7C4 /* wrong.wav in Resources */ = {isa = PBXBuildFile; fileRef = F766792D26A53CCC0059B7C4 /* wrong.wav */; };
		F7981D7B26A16A69003ECEFB /* AppDelegate.swift in Sources */ = {isa = PBXBuildFile; fileRef = F7981D7A26A16A69003ECEFB /* AppDelegate.swift */; };
		F7981D7D26A16A69003ECEFB /* HomeViewController.swift in Sources */ = {isa = PBXBuildFile; fileRef = F7981D7C26A16A69003ECEFB /* HomeViewController.swift */; };
		F7981D8526A16A6F003ECEFB /* Assets.xcassets in Resources */ = {isa = PBXBuildFile; fileRef = F7981D8426A16A6F003ECEFB /* Assets.xcassets */; };
		F7981D8826A16A6F003ECEFB /* LaunchScreen.storyboard in Resources */ = {isa = PBXBuildFile; fileRef = F7981D8626A16A6F003ECEFB /* LaunchScreen.storyboard */; };
		F7B4C7BB281FAA39005E4535 /* SchulteTable.swift in Sources */ = {isa = PBXBuildFile; fileRef = F7B4C7BA281FAA39005E4535 /* SchulteTable.swift */; };
		F7D22A772816A637001E86AF /* Stopwatch.swift in Sources */ = {isa = PBXBuildFile; fileRef = F7D22A762816A637001E86AF /* Stopwatch.swift */; };
		F7D22A792816AF88001E86AF /* UIColor.swift in Sources */ = {isa = PBXBuildFile; fileRef = F7D22A782816AF88001E86AF /* UIColor.swift */; };
		F7D22A7B28170275001E86AF /* SoundPlayer.swift in Sources */ = {isa = PBXBuildFile; fileRef = F7D22A7A28170275001E86AF /* SoundPlayer.swift */; };
		F7E21F7728218B54000A1B5E /* SizeTableViewController.swift in Sources */ = {isa = PBXBuildFile; fileRef = F7E21F7628218B54000A1B5E /* SizeTableViewController.swift */; };
/* End PBXBuildFile section */

/* Begin PBXFileReference section */
		F708665828210CA400053459 /* SettingsTableViewController.swift */ = {isa = PBXFileReference; lastKnownFileType = sourcecode.swift; path = SettingsTableViewController.swift; sourceTree = "<group>"; };
		F708665A28210EC100053459 /* TableSize.swift */ = {isa = PBXFileReference; lastKnownFileType = sourcecode.swift; path = TableSize.swift; sourceTree = "<group>"; };
		F7175DA926BBF3530011FDD1 /* MenuViewController.swift */ = {isa = PBXFileReference; lastKnownFileType = sourcecode.swift; lineEnding = 0; path = MenuViewController.swift; sourceTree = "<group>"; wrapsLines = 1; };
		F721649F26BD0B3D003DC2FB /* SlideInTransition.swift */ = {isa = PBXFileReference; lastKnownFileType = sourcecode.swift; path = SlideInTransition.swift; sourceTree = "<group>"; };
		F7307FD52815A1E0005C545B /* EndGameView.swift */ = {isa = PBXFileReference; lastKnownFileType = sourcecode.swift; path = EndGameView.swift; sourceTree = "<group>"; };
		F7307FD82815A42E005C545B /* LocalService.swift */ = {isa = PBXFileReference; lastKnownFileType = sourcecode.swift; path = LocalService.swift; sourceTree = "<group>"; };
		F7316D43281BF27100AF12A6 /* ButtonsCell.swift */ = {isa = PBXFileReference; lastKnownFileType = sourcecode.swift; path = ButtonsCell.swift; sourceTree = "<group>"; };
		F75162152815105700FCADAD /* SmallExtenions.swift */ = {isa = PBXFileReference; lastKnownFileType = sourcecode.swift; path = SmallExtenions.swift; sourceTree = "<group>"; };
		F75530F826AAB2180030F9E7 /* Main.storyboard */ = {isa = PBXFileReference; fileEncoding = 4; lastKnownFileType = file.storyboard; path = Main.storyboard; sourceTree = "<group>"; };
		F7622233281BFE0800B85057 /* ButtonsCollectionViewController.swift */ = {isa = PBXFileReference; lastKnownFileType = sourcecode.swift; path = ButtonsCollectionViewController.swift; sourceTree = "<group>"; };
		F766792B26A53CCC0059B7C4 /* correct.wav */ = {isa = PBXFileReference; lastKnownFileType = audio.wav; path = correct.wav; sourceTree = "<group>"; };
		F766792D26A53CCC0059B7C4 /* wrong.wav */ = {isa = PBXFileReference; lastKnownFileType = audio.wav; path = wrong.wav; sourceTree = "<group>"; };
		F7981D7726A16A69003ECEFB /* Schulte Table 2.0.app */ = {isa = PBXFileReference; explicitFileType = wrapper.application; includeInIndex = 0; path = "Schulte Table 2.0.app"; sourceTree = BUILT_PRODUCTS_DIR; };
		F7981D7A26A16A69003ECEFB /* AppDelegate.swift */ = {isa = PBXFileReference; lastKnownFileType = sourcecode.swift; path = AppDelegate.swift; sourceTree = "<group>"; };
		F7981D7C26A16A69003ECEFB /* HomeViewController.swift */ = {isa = PBXFileReference; lastKnownFileType = sourcecode.swift; path = HomeViewController.swift; sourceTree = "<group>"; };
		F7981D8426A16A6F003ECEFB /* Assets.xcassets */ = {isa = PBXFileReference; lastKnownFileType = folder.assetcatalog; path = Assets.xcassets; sourceTree = "<group>"; };
		F7981D8726A16A6F003ECEFB /* Base */ = {isa = PBXFileReference; lastKnownFileType = file.storyboard; name = Base; path = Base.lproj/LaunchScreen.storyboard; sourceTree = "<group>"; };
		F7981D8926A16A6F003ECEFB /* Info.plist */ = {isa = PBXFileReference; lastKnownFileType = text.plist.xml; path = Info.plist; sourceTree = "<group>"; };
		F7B4C7BA281FAA39005E4535 /* SchulteTable.swift */ = {isa = PBXFileReference; lastKnownFileType = sourcecode.swift; path = SchulteTable.swift; sourceTree = "<group>"; };
		F7D22A762816A637001E86AF /* Stopwatch.swift */ = {isa = PBXFileReference; lastKnownFileType = sourcecode.swift; path = Stopwatch.swift; sourceTree = "<group>"; };
		F7D22A782816AF88001E86AF /* UIColor.swift */ = {isa = PBXFileReference; lastKnownFileType = sourcecode.swift; path = UIColor.swift; sourceTree = "<group>"; };
		F7D22A7A28170275001E86AF /* SoundPlayer.swift */ = {isa = PBXFileReference; lastKnownFileType = sourcecode.swift; path = SoundPlayer.swift; sourceTree = "<group>"; };
		F7E21F7628218B54000A1B5E /* SizeTableViewController.swift */ = {isa = PBXFileReference; lastKnownFileType = sourcecode.swift; path = SizeTableViewController.swift; sourceTree = "<group>"; };
/* End PBXFileReference section */

/* Begin PBXFrameworksBuildPhase section */
		F7981D7426A16A69003ECEFB /* Frameworks */ = {
			isa = PBXFrameworksBuildPhase;
			buildActionMask = 2147483647;
			files = (
			);
			runOnlyForDeploymentPostprocessing = 0;
		};
/* End PBXFrameworksBuildPhase section */

/* Begin PBXGroup section */
		F7175DA826BBF30D0011FDD1 /* ViewControllers */ = {
			isa = PBXGroup;
			children = (
				F7E21F7528218B3C000A1B5E /* Settings */,
				F7981D7C26A16A69003ECEFB /* HomeViewController.swift */,
				F7175DA926BBF3530011FDD1 /* MenuViewController.swift */,
				F7622233281BFE0800B85057 /* ButtonsCollectionViewController.swift */,
			);
			path = ViewControllers;
			sourceTree = "<group>";
		};
		F719F3DA26C62E50001628E1 /* Resources */ = {
			isa = PBXGroup;
			children = (
				F7981D8426A16A6F003ECEFB /* Assets.xcassets */,
				F7981D8926A16A6F003ECEFB /* Info.plist */,
				F766793126A53CD30059B7C4 /* Sounds */,
			);
			path = Resources;
			sourceTree = "<group>";
		};
		F7307FD42815A1C4005C545B /* Views */ = {
			isa = PBXGroup;
			children = (
				F7307FD52815A1E0005C545B /* EndGameView.swift */,
				F7316D43281BF27100AF12A6 /* ButtonsCell.swift */,
			);
			path = Views;
			sourceTree = "<group>";
		};
		F7307FD72815A419005C545B /* Model */ = {
			isa = PBXGroup;
			children = (
				F7307FD82815A42E005C545B /* LocalService.swift */,
				F7D22A762816A637001E86AF /* Stopwatch.swift */,
				F7D22A7A28170275001E86AF /* SoundPlayer.swift */,
				F7B4C7BA281FAA39005E4535 /* SchulteTable.swift */,
				F708665A28210EC100053459 /* TableSize.swift */,
			);
			path = Model;
			sourceTree = "<group>";
		};
		F751620D28150EE900FCADAD /* Sources */ = {
			isa = PBXGroup;
			children = (
				F75162122815103F00FCADAD /* Extensions */,
				F7981D7A26A16A69003ECEFB /* AppDelegate.swift */,
				F751620F28150F9000FCADAD /* Helpers */,
				F751620E28150F8500FCADAD /* Storyboards */,
				F7307FD42815A1C4005C545B /* Views */,
				F7175DA826BBF30D0011FDD1 /* ViewControllers */,
				F7307FD72815A419005C545B /* Model */,
			);
			path = Sources;
			sourceTree = "<group>";
		};
		F751620E28150F8500FCADAD /* Storyboards */ = {
			isa = PBXGroup;
			children = (
				F75530F826AAB2180030F9E7 /* Main.storyboard */,
				F7981D8626A16A6F003ECEFB /* LaunchScreen.storyboard */,
			);
			path = Storyboards;
			sourceTree = "<group>";
		};
		F751620F28150F9000FCADAD /* Helpers */ = {
			isa = PBXGroup;
			children = (
				F721649F26BD0B3D003DC2FB /* SlideInTransition.swift */,
			);
			path = Helpers;
			sourceTree = "<group>";
		};
		F75162122815103F00FCADAD /* Extensions */ = {
			isa = PBXGroup;
			children = (
				F75162152815105700FCADAD /* SmallExtenions.swift */,
				F7D22A782816AF88001E86AF /* UIColor.swift */,
			);
			path = Extensions;
			sourceTree = "<group>";
		};
		F766793126A53CD30059B7C4 /* Sounds */ = {
			isa = PBXGroup;
			children = (
				F766792B26A53CCC0059B7C4 /* correct.wav */,
				F766792D26A53CCC0059B7C4 /* wrong.wav */,
			);
			path = Sounds;
			sourceTree = "<group>";
		};
		F7981D6E26A16A69003ECEFB = {
			isa = PBXGroup;
			children = (
				F7981D7926A16A69003ECEFB /* Schulte Table 2.0 */,
				F7981D7826A16A69003ECEFB /* Products */,
			);
			sourceTree = "<group>";
		};
		F7981D7826A16A69003ECEFB /* Products */ = {
			isa = PBXGroup;
			children = (
				F7981D7726A16A69003ECEFB /* Schulte Table 2.0.app */,
			);
			name = Products;
			sourceTree = "<group>";
		};
		F7981D7926A16A69003ECEFB /* Schulte Table 2.0 */ = {
			isa = PBXGroup;
			children = (
				F751620D28150EE900FCADAD /* Sources */,
				F719F3DA26C62E50001628E1 /* Resources */,
			);
			path = "Schulte Table 2.0";
			sourceTree = "<group>";
		};
		F7E21F7528218B3C000A1B5E /* Settings */ = {
			isa = PBXGroup;
			children = (
				F708665828210CA400053459 /* SettingsTableViewController.swift */,
				F7E21F7628218B54000A1B5E /* SizeTableViewController.swift */,
			);
			path = Settings;
			sourceTree = "<group>";
		};
/* End PBXGroup section */

/* Begin PBXNativeTarget section */
		F7981D7626A16A69003ECEFB /* Schulte Table 2.0 */ = {
			isa = PBXNativeTarget;
			buildConfigurationList = F7981D8C26A16A6F003ECEFB /* Build configuration list for PBXNativeTarget "Schulte Table 2.0" */;
			buildPhases = (
				F7981D7326A16A69003ECEFB /* Sources */,
				F7981D7426A16A69003ECEFB /* Frameworks */,
				F7981D7526A16A69003ECEFB /* Resources */,
			);
			buildRules = (
			);
			dependencies = (
			);
			name = "Schulte Table 2.0";
			productName = "Schulte Table 2.0";
			productReference = F7981D7726A16A69003ECEFB /* Schulte Table 2.0.app */;
			productType = "com.apple.product-type.application";
		};
/* End PBXNativeTarget section */

/* Begin PBXProject section */
		F7981D6F26A16A69003ECEFB /* Project object */ = {
			isa = PBXProject;
			attributes = {
				LastSwiftUpdateCheck = 1030;
				LastUpgradeCheck = 1240;
				ORGANIZATIONNAME = SenKill;
				TargetAttributes = {
					F7981D7626A16A69003ECEFB = {
						CreatedOnToolsVersion = 10.3;
					};
				};
			};
			buildConfigurationList = F7981D7226A16A69003ECEFB /* Build configuration list for PBXProject "Schulte Table 2.0" */;
			compatibilityVersion = "Xcode 9.3";
			developmentRegion = en;
			hasScannedForEncodings = 0;
			knownRegions = (
				en,
				Base,
			);
			mainGroup = F7981D6E26A16A69003ECEFB;
			productRefGroup = F7981D7826A16A69003ECEFB /* Products */;
			projectDirPath = "";
			projectRoot = "";
			targets = (
				F7981D7626A16A69003ECEFB /* Schulte Table 2.0 */,
			);
		};
/* End PBXProject section */

/* Begin PBXResourcesBuildPhase section */
		F7981D7526A16A69003ECEFB /* Resources */ = {
			isa = PBXResourcesBuildPhase;
			buildActionMask = 2147483647;
			files = (
				F75530F926AAB2180030F9E7 /* Main.storyboard in Resources */,
				F7981D8826A16A6F003ECEFB /* LaunchScreen.storyboard in Resources */,
				F766792E26A53CCC0059B7C4 /* correct.wav in Resources */,
				F7981D8526A16A6F003ECEFB /* Assets.xcassets in Resources */,
				F766793026A53CCC0059B7C4 /* wrong.wav in Resources */,
			);
			runOnlyForDeploymentPostprocessing = 0;
		};
/* End PBXResourcesBuildPhase section */

/* Begin PBXSourcesBuildPhase section */
		F7981D7326A16A69003ECEFB /* Sources */ = {
			isa = PBXSourcesBuildPhase;
			buildActionMask = 2147483647;
			files = (
				F7D22A7B28170275001E86AF /* SoundPlayer.swift in Sources */,
				F7307FD62815A1E0005C545B /* EndGameView.swift in Sources */,
				F7622234281BFE0800B85057 /* ButtonsCollectionViewController.swift in Sources */,
				F7B4C7BB281FAA39005E4535 /* SchulteTable.swift in Sources */,
				F7981D7D26A16A69003ECEFB /* HomeViewController.swift in Sources */,
				F7307FD92815A42E005C545B /* LocalService.swift in Sources */,
				F708665928210CA500053459 /* SettingsTableViewController.swift in Sources */,
				F7175DAA26BBF3530011FDD1 /* MenuViewController.swift in Sources */,
				F7D22A792816AF88001E86AF /* UIColor.swift in Sources */,
				F72164A026BD0B3D003DC2FB /* SlideInTransition.swift in Sources */,
				F7E21F7728218B54000A1B5E /* SizeTableViewController.swift in Sources */,
				F7316D44281BF27100AF12A6 /* ButtonsCell.swift in Sources */,
				F75162162815105700FCADAD /* SmallExtenions.swift in Sources */,
				F7981D7B26A16A69003ECEFB /* AppDelegate.swift in Sources */,
				F7D22A772816A637001E86AF /* Stopwatch.swift in Sources */,
				F708665B28210EC100053459 /* TableSize.swift in Sources */,
			);
			runOnlyForDeploymentPostprocessing = 0;
		};
/* End PBXSourcesBuildPhase section */

/* Begin PBXVariantGroup section */
		F7981D8626A16A6F003ECEFB /* LaunchScreen.storyboard */ = {
			isa = PBXVariantGroup;
			children = (
				F7981D8726A16A6F003ECEFB /* Base */,
			);
			name = LaunchScreen.storyboard;
			sourceTree = "<group>";
		};
/* End PBXVariantGroup section */

/* Begin XCBuildConfiguration section */
		F7981D8A26A16A6F003ECEFB /* Debug */ = {
			isa = XCBuildConfiguration;
			buildSettings = {
				ALWAYS_SEARCH_USER_PATHS = NO;
				CLANG_ANALYZER_NONNULL = YES;
				CLANG_ANALYZER_NUMBER_OBJECT_CONVERSION = YES_AGGRESSIVE;
				CLANG_CXX_LANGUAGE_STANDARD = "gnu++14";
				CLANG_CXX_LIBRARY = "libc++";
				CLANG_ENABLE_MODULES = YES;
				CLANG_ENABLE_OBJC_ARC = YES;
				CLANG_ENABLE_OBJC_WEAK = YES;
				CLANG_WARN_BLOCK_CAPTURE_AUTORELEASING = YES;
				CLANG_WARN_BOOL_CONVERSION = YES;
				CLANG_WARN_COMMA = YES;
				CLANG_WARN_CONSTANT_CONVERSION = YES;
				CLANG_WARN_DEPRECATED_OBJC_IMPLEMENTATIONS = YES;
				CLANG_WARN_DIRECT_OBJC_ISA_USAGE = YES_ERROR;
				CLANG_WARN_DOCUMENTATION_COMMENTS = YES;
				CLANG_WARN_EMPTY_BODY = YES;
				CLANG_WARN_ENUM_CONVERSION = YES;
				CLANG_WARN_INFINITE_RECURSION = YES;
				CLANG_WARN_INT_CONVERSION = YES;
				CLANG_WARN_NON_LITERAL_NULL_CONVERSION = YES;
				CLANG_WARN_OBJC_IMPLICIT_RETAIN_SELF = YES;
				CLANG_WARN_OBJC_LITERAL_CONVERSION = YES;
				CLANG_WARN_OBJC_ROOT_CLASS = YES_ERROR;
				CLANG_WARN_QUOTED_INCLUDE_IN_FRAMEWORK_HEADER = YES;
				CLANG_WARN_RANGE_LOOP_ANALYSIS = YES;
				CLANG_WARN_STRICT_PROTOTYPES = YES;
				CLANG_WARN_SUSPICIOUS_MOVE = YES;
				CLANG_WARN_UNGUARDED_AVAILABILITY = YES_AGGRESSIVE;
				CLANG_WARN_UNREACHABLE_CODE = YES;
				CLANG_WARN__DUPLICATE_METHOD_MATCH = YES;
				CODE_SIGN_IDENTITY = "iPhone Developer";
				COPY_PHASE_STRIP = NO;
				DEBUG_INFORMATION_FORMAT = dwarf;
				ENABLE_STRICT_OBJC_MSGSEND = YES;
				ENABLE_TESTABILITY = YES;
				GCC_C_LANGUAGE_STANDARD = gnu11;
				GCC_DYNAMIC_NO_PIC = NO;
				GCC_NO_COMMON_BLOCKS = YES;
				GCC_OPTIMIZATION_LEVEL = 0;
				GCC_PREPROCESSOR_DEFINITIONS = (
					"DEBUG=1",
					"$(inherited)",
				);
				GCC_WARN_64_TO_32_BIT_CONVERSION = YES;
				GCC_WARN_ABOUT_RETURN_TYPE = YES_ERROR;
				GCC_WARN_UNDECLARED_SELECTOR = YES;
				GCC_WARN_UNINITIALIZED_AUTOS = YES_AGGRESSIVE;
				GCC_WARN_UNUSED_FUNCTION = YES;
				GCC_WARN_UNUSED_VARIABLE = YES;
				IPHONEOS_DEPLOYMENT_TARGET = 14.4;
				MTL_ENABLE_DEBUG_INFO = INCLUDE_SOURCE;
				MTL_FAST_MATH = YES;
				ONLY_ACTIVE_ARCH = YES;
				SDKROOT = iphoneos;
				SWIFT_ACTIVE_COMPILATION_CONDITIONS = DEBUG;
				SWIFT_OPTIMIZATION_LEVEL = "-Onone";
			};
			name = Debug;
		};
		F7981D8B26A16A6F003ECEFB /* Release */ = {
			isa = XCBuildConfiguration;
			buildSettings = {
				ALWAYS_SEARCH_USER_PATHS = NO;
				CLANG_ANALYZER_NONNULL = YES;
				CLANG_ANALYZER_NUMBER_OBJECT_CONVERSION = YES_AGGRESSIVE;
				CLANG_CXX_LANGUAGE_STANDARD = "gnu++14";
				CLANG_CXX_LIBRARY = "libc++";
				CLANG_ENABLE_MODULES = YES;
				CLANG_ENABLE_OBJC_ARC = YES;
				CLANG_ENABLE_OBJC_WEAK = YES;
				CLANG_WARN_BLOCK_CAPTURE_AUTORELEASING = YES;
				CLANG_WARN_BOOL_CONVERSION = YES;
				CLANG_WARN_COMMA = YES;
				CLANG_WARN_CONSTANT_CONVERSION = YES;
				CLANG_WARN_DEPRECATED_OBJC_IMPLEMENTATIONS = YES;
				CLANG_WARN_DIRECT_OBJC_ISA_USAGE = YES_ERROR;
				CLANG_WARN_DOCUMENTATION_COMMENTS = YES;
				CLANG_WARN_EMPTY_BODY = YES;
				CLANG_WARN_ENUM_CONVERSION = YES;
				CLANG_WARN_INFINITE_RECURSION = YES;
				CLANG_WARN_INT_CONVERSION = YES;
				CLANG_WARN_NON_LITERAL_NULL_CONVERSION = YES;
				CLANG_WARN_OBJC_IMPLICIT_RETAIN_SELF = YES;
				CLANG_WARN_OBJC_LITERAL_CONVERSION = YES;
				CLANG_WARN_OBJC_ROOT_CLASS = YES_ERROR;
				CLANG_WARN_QUOTED_INCLUDE_IN_FRAMEWORK_HEADER = YES;
				CLANG_WARN_RANGE_LOOP_ANALYSIS = YES;
				CLANG_WARN_STRICT_PROTOTYPES = YES;
				CLANG_WARN_SUSPICIOUS_MOVE = YES;
				CLANG_WARN_UNGUARDED_AVAILABILITY = YES_AGGRESSIVE;
				CLANG_WARN_UNREACHABLE_CODE = YES;
				CLANG_WARN__DUPLICATE_METHOD_MATCH = YES;
				CODE_SIGN_IDENTITY = "iPhone Developer";
				COPY_PHASE_STRIP = NO;
				DEBUG_INFORMATION_FORMAT = "dwarf-with-dsym";
				ENABLE_NS_ASSERTIONS = NO;
				ENABLE_STRICT_OBJC_MSGSEND = YES;
				GCC_C_LANGUAGE_STANDARD = gnu11;
				GCC_NO_COMMON_BLOCKS = YES;
				GCC_WARN_64_TO_32_BIT_CONVERSION = YES;
				GCC_WARN_ABOUT_RETURN_TYPE = YES_ERROR;
				GCC_WARN_UNDECLARED_SELECTOR = YES;
				GCC_WARN_UNINITIALIZED_AUTOS = YES_AGGRESSIVE;
				GCC_WARN_UNUSED_FUNCTION = YES;
				GCC_WARN_UNUSED_VARIABLE = YES;
				IPHONEOS_DEPLOYMENT_TARGET = 14.4;
				MTL_ENABLE_DEBUG_INFO = NO;
				MTL_FAST_MATH = YES;
				SDKROOT = iphoneos;
				SWIFT_COMPILATION_MODE = wholemodule;
				SWIFT_OPTIMIZATION_LEVEL = "-O";
				VALIDATE_PRODUCT = YES;
			};
			name = Release;
		};
		F7981D8D26A16A6F003ECEFB /* Debug */ = {
			isa = XCBuildConfiguration;
			buildSettings = {
				ASSETCATALOG_COMPILER_APPICON_NAME = AppIcon;
				CODE_SIGN_IDENTITY = "iPhone Developer";
				CODE_SIGN_STYLE = Automatic;
				DEVELOPMENT_TEAM = ZKRYANSM8S;
				INFOPLIST_FILE = "Schulte Table 2.0/Resources/Info.plist";
				LD_RUNPATH_SEARCH_PATHS = (
					"$(inherited)",
					"@executable_path/Frameworks",
				);
				PRODUCT_BUNDLE_IDENTIFIER = "senkill.Schulte-Table-2-0";
				PRODUCT_NAME = "$(TARGET_NAME)";
				PROVISIONING_PROFILE_SPECIFIER = "";
				SWIFT_VERSION = 5.0;
				TARGETED_DEVICE_FAMILY = "1,2";
			};
			name = Debug;
		};
		F7981D8E26A16A6F003ECEFB /* Release */ = {
			isa = XCBuildConfiguration;
			buildSettings = {
				ASSETCATALOG_COMPILER_APPICON_NAME = AppIcon;
				CODE_SIGN_IDENTITY = "iPhone Developer";
				CODE_SIGN_STYLE = Automatic;
				DEVELOPMENT_TEAM = ZKRYANSM8S;
				INFOPLIST_FILE = "Schulte Table 2.0/Resources/Info.plist";
				LD_RUNPATH_SEARCH_PATHS = (
					"$(inherited)",
					"@executable_path/Frameworks",
				);
				PRODUCT_BUNDLE_IDENTIFIER = "senkill.Schulte-Table-2-0";
				PRODUCT_NAME = "$(TARGET_NAME)";
				PROVISIONING_PROFILE_SPECIFIER = "";
				SWIFT_VERSION = 5.0;
				TARGETED_DEVICE_FAMILY = "1,2";
			};
			name = Release;
		};
/* End XCBuildConfiguration section */

/* Begin XCConfigurationList section */
		F7981D7226A16A69003ECEFB /* Build configuration list for PBXProject "Schulte Table 2.0" */ = {
			isa = XCConfigurationList;
			buildConfigurations = (
				F7981D8A26A16A6F003ECEFB /* Debug */,
				F7981D8B26A16A6F003ECEFB /* Release */,
			);
			defaultConfigurationIsVisible = 0;
			defaultConfigurationName = Release;
		};
		F7981D8C26A16A6F003ECEFB /* Build configuration list for PBXNativeTarget "Schulte Table 2.0" */ = {
			isa = XCConfigurationList;
			buildConfigurations = (
				F7981D8D26A16A6F003ECEFB /* Debug */,
				F7981D8E26A16A6F003ECEFB /* Release */,
			);
			defaultConfigurationIsVisible = 0;
			defaultConfigurationName = Release;
		};
/* End XCConfigurationList section */
	};
	rootObject = F7981D6F26A16A69003ECEFB /* Project object */;
}
